
Microsoft Visual Studio Solution File, Format Version 12.00
# Visual Studio Version 17
VisualStudioVersion = 17.4.33205.214
MinimumVisualStudioVersion = 10.0.40219.1
Project("{FAE04EC0-301F-11D3-BF4B-00C04F79EFBC}") = "AutoServiceApp1", "AutoServiceApp1\AutoServiceApp1.csproj", "{289D4A3B-89D1-48B9-8B9F-CCF29127C632}"
EndProject
Global
	GlobalSection(SolutionConfigurationPlatforms) = preSolution
		Debug|Any CPU = Debug|Any CPU
		Release|Any CPU = Release|Any CPU
	EndGlobalSection
	GlobalSection(ProjectConfigurationPlatforms) = postSolution
		{289D4A3B-89D1-48B9-8B9F-CCF29127C632}.Debug|Any CPU.ActiveCfg = Debug|Any CPU
		{289D4A3B-89D1-48B9-8B9F-CCF29127C632}.Debug|Any CPU.Build.0 = Debug|Any CPU
		{289D4A3B-89D1-48B9-8B9F-CCF29127C632}.Release|Any CPU.ActiveCfg = Release|Any CPU
		{289D4A3B-89D1-48B9-8B9F-CCF29127C632}.Release|Any CPU.Build.0 = Release|Any CPU
	EndGlobalSection
	GlobalSection(SolutionProperties) = preSolution
		HideSolutionNode = FALSE
	EndGlobalSection
	GlobalSection(ExtensibilityGlobals) = postSolution
		SolutionGuid = {62F65164-257E-4B0C-A8EA-2730542A5F22}
	EndGlobalSection
EndGlobal
